
Microsoft Visual Studio Solution File, Format Version 12.00
Project("{2150E333-8FDC-42A3-9474-1A3956D46DE8}") = "Presentation", "Presentation", "{8CFB9962-CD7F-4917-A531-D85958E537AC}"
EndProject
Project("{FAE04EC0-301F-11D3-BF4B-00C04F79EFBC}") = "SGHServer.API", "SGHServer.API\SGHServer.API.csproj", "{8FF0606E-59F2-4F3C-8C31-5D3F4F965532}"
EndProject
Project("{2150E333-8FDC-42A3-9474-1A3956D46DE8}") = "Core", "Core", "{46153323-6433-474A-8649-32F224999133}"
EndProject
Project("{FAE04EC0-301F-11D3-BF4B-00C04F79EFBC}") = "SGHServer.Domain", "SGHServer.Domain\SGHServer.Domain.csproj", "{EC8F4E22-6655-4A57-B220-A61B765A187F}"
EndProject
Project("{2150E333-8FDC-42A3-9474-1A3956D46DE8}") = "Infrastructure", "Infrastructure", "{883803F9-E8E9-4470-9759-0A10EA9C78A5}"
EndProject
Project("{FAE04EC0-301F-11D3-BF4B-00C04F79EFBC}") = "SGHServer.Persistence", "SGHServer.Persistence\SGHServer.Persistence.csproj", "{D23920B8-EF12-4998-9677-97FF71910093}"
EndProject
Project("{FAE04EC0-301F-11D3-BF4B-00C04F79EFBC}") = "SGHServer.Application", "SGHServer.Application\SGHServer.Application.csproj", "{119B0B16-988A-4CF7-AF8E-6D85849ABDD2}"
EndProject
Global
	GlobalSection(SolutionConfigurationPlatforms) = preSolution
		Debug|Any CPU = Debug|Any CPU
		Release|Any CPU = Release|Any CPU
	EndGlobalSection
	GlobalSection(NestedProjects) = preSolution
		{8FF0606E-59F2-4F3C-8C31-5D3F4F965532} = {8CFB9962-CD7F-4917-A531-D85958E537AC}
		{EC8F4E22-6655-4A57-B220-A61B765A187F} = {46153323-6433-474A-8649-32F224999133}
		{D23920B8-EF12-4998-9677-97FF71910093} = {883803F9-E8E9-4470-9759-0A10EA9C78A5}
		{119B0B16-988A-4CF7-AF8E-6D85849ABDD2} = {46153323-6433-474A-8649-32F224999133}
	EndGlobalSection
	GlobalSection(ProjectConfigurationPlatforms) = postSolution
		{8FF0606E-59F2-4F3C-8C31-5D3F4F965532}.Debug|Any CPU.ActiveCfg = Debug|Any CPU
		{8FF0606E-59F2-4F3C-8C31-5D3F4F965532}.Debug|Any CPU.Build.0 = Debug|Any CPU
		{8FF0606E-59F2-4F3C-8C31-5D3F4F965532}.Release|Any CPU.ActiveCfg = Release|Any CPU
		{8FF0606E-59F2-4F3C-8C31-5D3F4F965532}.Release|Any CPU.Build.0 = Release|Any CPU
		{EC8F4E22-6655-4A57-B220-A61B765A187F}.Debug|Any CPU.ActiveCfg = Debug|Any CPU
		{EC8F4E22-6655-4A57-B220-A61B765A187F}.Debug|Any CPU.Build.0 = Debug|Any CPU
		{EC8F4E22-6655-4A57-B220-A61B765A187F}.Release|Any CPU.ActiveCfg = Release|Any CPU
		{EC8F4E22-6655-4A57-B220-A61B765A187F}.Release|Any CPU.Build.0 = Release|Any CPU
		{D23920B8-EF12-4998-9677-97FF71910093}.Debug|Any CPU.ActiveCfg = Debug|Any CPU
		{D23920B8-EF12-4998-9677-97FF71910093}.Debug|Any CPU.Build.0 = Debug|Any CPU
		{D23920B8-EF12-4998-9677-97FF71910093}.Release|Any CPU.ActiveCfg = Release|Any CPU
		{D23920B8-EF12-4998-9677-97FF71910093}.Release|Any CPU.Build.0 = Release|Any CPU
		{119B0B16-988A-4CF7-AF8E-6D85849ABDD2}.Debug|Any CPU.ActiveCfg = Debug|Any CPU
		{119B0B16-988A-4CF7-AF8E-6D85849ABDD2}.Debug|Any CPU.Build.0 = Debug|Any CPU
		{119B0B16-988A-4CF7-AF8E-6D85849ABDD2}.Release|Any CPU.ActiveCfg = Release|Any CPU
		{119B0B16-988A-4CF7-AF8E-6D85849ABDD2}.Release|Any CPU.Build.0 = Release|Any CPU
	EndGlobalSection
EndGlobal
